{
  "name": "italian-hangman",
  "version": "1.1.0",
  "lockfileVersion": 3,
  "requires": true,
  "packages": {
    "": {
      "name": "italian-hangman",
      "version": "1.1.0",
      "dependencies": {
        "@google/genai": "1.38.0",
        "react": "19.0.0",
        "react-dom": "19.0.0"
      },
      "devDependencies": {
        "@types/react": "19.0.0",
        "@types/react-dom": "19.0.0",
        "@vitejs/plugin-react": "4.3.1",
        "autoprefixer": "10.4.18",
        "postcss": "8.4.35",
        "tailwindcss": "3.4.1",
        "typescript": "5.5.3",
        "vite": "5.3.4"
      }
    },
    "node_modules/@google/genai": {
      "version": "1.38.0",
      "resolved": "https://registry.npmjs.org/@google/genai/-/genai-1.38.0.tgz",
      "integrity": "sha512-0VvN5M7XGkM+9y0lUoXW9S/m807N6D9S4pU/T8c87/B1h8KNoW1pydkkyw=="
    },
    "node_modules/react": {
      "version": "19.0.0",
      "resolved": "https://registry.npmjs.org/react/-/react-19.0.0.tgz",
      "integrity": "sha512-V8AVnmPIICiWpGfm6GLzCR/W5dy65+POkdUPyHQdn2uXlcxPMT+uXoxPZM51Z2MGlKxs28V5CvxQ+W4y74nJkg=="
    },
    "node_modules/react-dom": {
      "version": "19.0.0",
      "resolved": "https://registry.npmjs.org/react-dom/-/react-dom-19.0.0.tgz",
      "integrity": "sha512-4GV5sHfG0e/0bm4GWUQWDNBqTYeGLkQvFEpQAhmUEquE6TcMvUazdq5Qx7l0wB3Q8yJO1QkLdxiJ9rF4VR7M4g=="
    },
    "node_modules/vite": {
      "version": "5.3.4",
      "resolved": "https://registry.npmjs.org/vite/-/vite-5.3.4.tgz",
      "integrity": "sha512-Cw+7zL3ZG9/NZBB8C+8QbQZmR54GwqIz+WMI4b3JgdYJvX+ny9AjJXqkGQlDXSXRP9rP0B4tbciRMOVEKulVOA=="
    },
    "node_modules/@vitejs/plugin-react": {
      "version": "4.3.1",
      "resolved": "https://registry.npmjs.org/@vitejs/plugin-react/-/plugin-react-4.3.1.tgz",
      "integrity": "sha512-m/V2syj5CuVnaxcUJOQRel/Wr31FFXRFlnOoq1TVtkCxsY5veGMTEmpWHndrhB2U8ScHtCQB1e+4hWYExQc6Lg=="
    },
    "node_modules/tailwindcss": {
      "version": "3.4.1",
      "resolved": "https://registry.npmjs.org/tailwindcss/-/tailwindcss-3.4.1.tgz"
    },
    "node_modules/postcss": {
      "version": "8.4.35",
      "resolved": "https://registry.npmjs.org/postcss/-/postcss-8.4.35.tgz"
    },
    "node_modules/autoprefixer": {
      "version": "10.4.18",
      "resolved": "https://registry.npmjs.org/autoprefixer/-/autoprefixer-10.4.18.tgz"
    },
    "node_modules/typescript": {
      "version": "5.5.3",
      "resolved": "https://registry.npmjs.org/typescript/-/typescript-5.5.3.tgz"
    },
    "node_modules/@types/react": {
      "version": "19.0.0",
      "resolved": "https://registry.npmjs.org/@types/react/-/react-19.0.0.tgz"
    },
    "node_modules/@types/react-dom": {
      "version": "19.0.0",
      "resolved": "https://registry.npmjs.org/@types/react-dom/-/react-dom-19.0.0.tgz"
    }
  }
}